// !$*UTF8*$!
{
	archiveVersion = 1;
	classes = {
	};
	objectVersion = 48;
	objects = {

/* Begin PBXBuildFile section */
		3E14884A1FF4BBED00F2711E /* AppDelegate.swift in Sources */ = {isa = PBXBuildFile; fileRef = 3E1488491FF4BBED00F2711E /* AppDelegate.swift */; };
		3E14884C1FF4BBED00F2711E /* ViewController.swift in Sources */ = {isa = PBXBuildFile; fileRef = 3E14884B1FF4BBED00F2711E /* ViewController.swift */; };
		3E1488511FF4BBED00F2711E /* Assets.xcassets in Resources */ = {isa = PBXBuildFile; fileRef = 3E1488501FF4BBED00F2711E /* Assets.xcassets */; };
		3E1488541FF4BBED00F2711E /* LaunchScreen.storyboard in Resources */ = {isa = PBXBuildFile; fileRef = 3E1488521FF4BBED00F2711E /* LaunchScreen.storyboard */; };
		3E2A79CE1FF9192A0058D8C7 /* Weather.swift in Sources */ = {isa = PBXBuildFile; fileRef = 3E2A79CD1FF9192A0058D8C7 /* Weather.swift */; };
		3E2D92CD1FF6950C00179E1D /* Location.swift in Sources */ = {isa = PBXBuildFile; fileRef = 3E2D92CC1FF6950C00179E1D /* Location.swift */; };
		3E2D92D11FF6973400179E1D /* ForecastWeather.swift in Sources */ = {isa = PBXBuildFile; fileRef = 3E2D92D01FF6973400179E1D /* ForecastWeather.swift */; };
		3E2D92D31FF6992600179E1D /* URL.swift in Sources */ = {isa = PBXBuildFile; fileRef = 3E2D92D21FF6992600179E1D /* URL.swift */; };
		3E2D92D61FF6A0B200179E1D /* Rounding + Double.swift in Sources */ = {isa = PBXBuildFile; fileRef = 3E2D92D51FF6A0B200179E1D /* Rounding + Double.swift */; };
		3E3569971FFCC19200208342 /* UIColor + TintColor.swift in Sources */ = {isa = PBXBuildFile; fileRef = 3E3569961FFCC19200208342 /* UIColor + TintColor.swift */; };
		3E4F0DBA1FF5371600C809A2 /* ViewController.xib in Resources */ = {isa = PBXBuildFile; fileRef = 3E4F0DB91FF5371600C809A2 /* ViewController.xib */; };
		3E9010E61FF9F59E00FEEA4E /* Unicode + String.swift in Sources */ = {isa = PBXBuildFile; fileRef = 3E9010E51FF9F59E00FEEA4E /* Unicode + String.swift */; };
		3E9010E81FF9F66C00FEEA4E /* Double + String.swift in Sources */ = {isa = PBXBuildFile; fileRef = 3E9010E71FF9F66C00FEEA4E /* Double + String.swift */; };
		3ED06DCC1FFA697100130379 /* weatherCell.swift in Sources */ = {isa = PBXBuildFile; fileRef = 3ED06DCA1FFA697100130379 /* weatherCell.swift */; };
		3ED06DCD1FFA697100130379 /* weatherCell.xib in Resources */ = {isa = PBXBuildFile; fileRef = 3ED06DCB1FFA697100130379 /* weatherCell.xib */; };
		3ED06DCF1FFA698400130379 /* Identifier + NSObject.swift in Sources */ = {isa = PBXBuildFile; fileRef = 3ED06DCE1FFA698400130379 /* Identifier + NSObject.swift */; };
		3EDDB3C31FFDBC0200E7E82D /* NotificationCenter.framework in Frameworks */ = {isa = PBXBuildFile; fileRef = 3EDDB3C21FFDBC0200E7E82D /* NotificationCenter.framework */; };
		3EDDB3C61FFDBC0200E7E82D /* TodayViewController.swift in Sources */ = {isa = PBXBuildFile; fileRef = 3EDDB3C51FFDBC0200E7E82D /* TodayViewController.swift */; };
		3EDDB3C91FFDBC0200E7E82D /* MainInterface.storyboard in Resources */ = {isa = PBXBuildFile; fileRef = 3EDDB3C71FFDBC0200E7E82D /* MainInterface.storyboard */; };
		3EDDB3CD1FFDBC0200E7E82D /* From Yesterday Widget.appex in Embed App Extensions */ = {isa = PBXBuildFile; fileRef = 3EDDB3C11FFDBC0200E7E82D /* From Yesterday Widget.appex */; settings = {ATTRIBUTES = (RemoveHeadersOnCopy, ); }; };
		3EDDB3D41FFDC00700E7E82D /* Pods_From_Yesterday.framework in Frameworks */ = {isa = PBXBuildFile; fileRef = 3EDDB3D51FFDC00700E7E82D /* Pods_From_Yesterday.framework */; };
		3EEB5F711FFE53F8003999C3 /* URL.swift in Sources */ = {isa = PBXBuildFile; fileRef = 3E2D92D21FF6992600179E1D /* URL.swift */; };
		3EEB5F721FFE5401003999C3 /* Weather.swift in Sources */ = {isa = PBXBuildFile; fileRef = 3E2A79CD1FF9192A0058D8C7 /* Weather.swift */; };
		3EEB5F731FFE540A003999C3 /* Location.swift in Sources */ = {isa = PBXBuildFile; fileRef = 3E2D92CC1FF6950C00179E1D /* Location.swift */; };
		3EEB5F741FFE5BE7003999C3 /* Unicode + String.swift in Sources */ = {isa = PBXBuildFile; fileRef = 3E9010E51FF9F59E00FEEA4E /* Unicode + String.swift */; };
		3EEB5F751FFE5BE7003999C3 /* Double + String.swift in Sources */ = {isa = PBXBuildFile; fileRef = 3E9010E71FF9F66C00FEEA4E /* Double + String.swift */; };
		3EEB5F761FFE5F5B003999C3 /* Assets.xcassets in Resources */ = {isa = PBXBuildFile; fileRef = 3E1488501FF4BBED00F2711E /* Assets.xcassets */; };
		3EF85FDB20259B3F009B68AE /* GoogleService-Info.plist in Resources */ = {isa = PBXBuildFile; fileRef = 3EF85FDA20259B3F009B68AE /* GoogleService-Info.plist */; };
		661C9AA90BA79B6079F8E152 /* Pods_From_Yesterday.framework in Frameworks */ = {isa = PBXBuildFile; fileRef = EA603396C6345291D097B2E3 /* Pods_From_Yesterday.framework */; };
		75649B05110C1845D05D7DD3 /* Pods_From_Yesterday_Widget.framework in Frameworks */ = {isa = PBXBuildFile; fileRef = 45CE012A951B2AFB52058373 /* Pods_From_Yesterday_Widget.framework */; };
		F34AD5995FD5D3A8E4FCE563 /* Pods_From_Yesterday.framework in Frameworks */ = {isa = PBXBuildFile; fileRef = 3EDDB3D51FFDC00700E7E82D /* Pods_From_Yesterday.framework */; };
/* End PBXBuildFile section */

/* Begin PBXContainerItemProxy section */
		3EDDB3CB1FFDBC0200E7E82D /* PBXContainerItemProxy */ = {
			isa = PBXContainerItemProxy;
			containerPortal = 3E14883E1FF4BBED00F2711E /* Project object */;
			proxyType = 1;
			remoteGlobalIDString = 3EDDB3C01FFDBC0200E7E82D;
			remoteInfo = "From Yesterday Widget";
		};
/* End PBXContainerItemProxy section */

/* Begin PBXCopyFilesBuildPhase section */
		3EDDB3D11FFDBC0200E7E82D /* Embed App Extensions */ = {
			isa = PBXCopyFilesBuildPhase;
			buildActionMask = 2147483647;
			dstPath = "";
			dstSubfolderSpec = 13;
			files = (
				3EDDB3CD1FFDBC0200E7E82D /* From Yesterday Widget.appex in Embed App Extensions */,
			);
			name = "Embed App Extensions";
			runOnlyForDeploymentPostprocessing = 0;
		};
/* End PBXCopyFilesBuildPhase section */

/* Begin PBXFileReference section */
		391E66D820C240A8AC9D191D /* Pods-From Yesterday.release.xcconfig */ = {isa = PBXFileReference; includeInIndex = 1; lastKnownFileType = text.xcconfig; name = "Pods-From Yesterday.release.xcconfig"; path = "Pods/Target Support Files/Pods-From Yesterday/Pods-From Yesterday.release.xcconfig"; sourceTree = "<group>"; };
		3E1488461FF4BBED00F2711E /* From Yesterday.app */ = {isa = PBXFileReference; explicitFileType = wrapper.application; includeInIndex = 0; path = "From Yesterday.app"; sourceTree = BUILT_PRODUCTS_DIR; };
		3E1488491FF4BBED00F2711E /* AppDelegate.swift */ = {isa = PBXFileReference; lastKnownFileType = sourcecode.swift; path = AppDelegate.swift; sourceTree = "<group>"; };
		3E14884B1FF4BBED00F2711E /* ViewController.swift */ = {isa = PBXFileReference; lastKnownFileType = sourcecode.swift; path = ViewController.swift; sourceTree = "<group>"; };
		3E1488501FF4BBED00F2711E /* Assets.xcassets */ = {isa = PBXFileReference; lastKnownFileType = folder.assetcatalog; path = Assets.xcassets; sourceTree = "<group>"; };
		3E1488531FF4BBED00F2711E /* Base */ = {isa = PBXFileReference; lastKnownFileType = file.storyboard; name = Base; path = Base.lproj/LaunchScreen.storyboard; sourceTree = "<group>"; };
		3E1488551FF4BBED00F2711E /* Info.plist */ = {isa = PBXFileReference; lastKnownFileType = text.plist.xml; path = Info.plist; sourceTree = "<group>"; };
		3E2A79CD1FF9192A0058D8C7 /* Weather.swift */ = {isa = PBXFileReference; lastKnownFileType = sourcecode.swift; path = Weather.swift; sourceTree = "<group>"; };
		3E2D92CC1FF6950C00179E1D /* Location.swift */ = {isa = PBXFileReference; lastKnownFileType = sourcecode.swift; path = Location.swift; sourceTree = "<group>"; };
		3E2D92D01FF6973400179E1D /* ForecastWeather.swift */ = {isa = PBXFileReference; lastKnownFileType = sourcecode.swift; path = ForecastWeather.swift; sourceTree = "<group>"; };
		3E2D92D21FF6992600179E1D /* URL.swift */ = {isa = PBXFileReference; lastKnownFileType = sourcecode.swift; path = URL.swift; sourceTree = "<group>"; };
		3E2D92D51FF6A0B200179E1D /* Rounding + Double.swift */ = {isa = PBXFileReference; lastKnownFileType = sourcecode.swift; path = "Rounding + Double.swift"; sourceTree = "<group>"; };
		3E3569961FFCC19200208342 /* UIColor + TintColor.swift */ = {isa = PBXFileReference; lastKnownFileType = sourcecode.swift; path = "UIColor + TintColor.swift"; sourceTree = "<group>"; };
		3E4F0DB91FF5371600C809A2 /* ViewController.xib */ = {isa = PBXFileReference; lastKnownFileType = file.xib; path = ViewController.xib; sourceTree = "<group>"; };
		3E9010E51FF9F59E00FEEA4E /* Unicode + String.swift */ = {isa = PBXFileReference; lastKnownFileType = sourcecode.swift; path = "Unicode + String.swift"; sourceTree = "<group>"; };
		3E9010E71FF9F66C00FEEA4E /* Double + String.swift */ = {isa = PBXFileReference; lastKnownFileType = sourcecode.swift; path = "Double + String.swift"; sourceTree = "<group>"; };
		3ED06DCA1FFA697100130379 /* weatherCell.swift */ = {isa = PBXFileReference; lastKnownFileType = sourcecode.swift; path = weatherCell.swift; sourceTree = "<group>"; };
		3ED06DCB1FFA697100130379 /* weatherCell.xib */ = {isa = PBXFileReference; lastKnownFileType = file.xib; path = weatherCell.xib; sourceTree = "<group>"; };
		3ED06DCE1FFA698400130379 /* Identifier + NSObject.swift */ = {isa = PBXFileReference; lastKnownFileType = sourcecode.swift; path = "Identifier + NSObject.swift"; sourceTree = "<group>"; };
		3EDDB3C11FFDBC0200E7E82D /* From Yesterday Widget.appex */ = {isa = PBXFileReference; explicitFileType = "wrapper.app-extension"; includeInIndex = 0; path = "From Yesterday Widget.appex"; sourceTree = BUILT_PRODUCTS_DIR; };
		3EDDB3C21FFDBC0200E7E82D /* NotificationCenter.framework */ = {isa = PBXFileReference; lastKnownFileType = wrapper.framework; name = NotificationCenter.framework; path = System/Library/Frameworks/NotificationCenter.framework; sourceTree = SDKROOT; };
		3EDDB3C51FFDBC0200E7E82D /* TodayViewController.swift */ = {isa = PBXFileReference; lastKnownFileType = sourcecode.swift; path = TodayViewController.swift; sourceTree = "<group>"; };
		3EDDB3C81FFDBC0200E7E82D /* Base */ = {isa = PBXFileReference; lastKnownFileType = file.storyboard; name = Base; path = Base.lproj/MainInterface.storyboard; sourceTree = "<group>"; };
		3EDDB3CA1FFDBC0200E7E82D /* Info.plist */ = {isa = PBXFileReference; lastKnownFileType = text.plist.xml; path = Info.plist; sourceTree = "<group>"; };
		3EDDB3D31FFDBC5400E7E82D /* Alamofire.framework */ = {isa = PBXFileReference; explicitFileType = wrapper.framework; path = Alamofire.framework; sourceTree = BUILT_PRODUCTS_DIR; };
		3EDDB3D51FFDC00700E7E82D /* Pods_From_Yesterday.framework */ = {isa = PBXFileReference; explicitFileType = wrapper.framework; path = Pods_From_Yesterday.framework; sourceTree = BUILT_PRODUCTS_DIR; };
		3EDDB3D71FFDDA7E00E7E82D /* Alamofire.framework */ = {isa = PBXFileReference; explicitFileType = wrapper.framework; path = Alamofire.framework; sourceTree = BUILT_PRODUCTS_DIR; };
		3EDDB3D81FFDDB4600E7E82D /* From Yesterday.entitlements */ = {isa = PBXFileReference; lastKnownFileType = text.plist.entitlements; path = "From Yesterday.entitlements"; sourceTree = "<group>"; };
		3EEB5F771FFE62B1003999C3 /* From Yesterday Widget.entitlements */ = {isa = PBXFileReference; lastKnownFileType = text.plist.entitlements; path = "From Yesterday Widget.entitlements"; sourceTree = "<group>"; };
		3EF85FDA20259B3F009B68AE /* GoogleService-Info.plist */ = {isa = PBXFileReference; fileEncoding = 4; lastKnownFileType = text.plist.xml; path = "GoogleService-Info.plist"; sourceTree = "<group>"; };
		45CE012A951B2AFB52058373 /* Pods_From_Yesterday_Widget.framework */ = {isa = PBXFileReference; explicitFileType = wrapper.framework; includeInIndex = 0; path = Pods_From_Yesterday_Widget.framework; sourceTree = BUILT_PRODUCTS_DIR; };
		54CD356C7A199BF1AA380673 /* Pods-From Yesterday.debug.xcconfig */ = {isa = PBXFileReference; includeInIndex = 1; lastKnownFileType = text.xcconfig; name = "Pods-From Yesterday.debug.xcconfig"; path = "Pods/Target Support Files/Pods-From Yesterday/Pods-From Yesterday.debug.xcconfig"; sourceTree = "<group>"; };
		7226B9B69AD5A25DC311063A /* Pods-From Yesterday Widget.release.xcconfig */ = {isa = PBXFileReference; includeInIndex = 1; lastKnownFileType = text.xcconfig; name = "Pods-From Yesterday Widget.release.xcconfig"; path = "Pods/Target Support Files/Pods-From Yesterday Widget/Pods-From Yesterday Widget.release.xcconfig"; sourceTree = "<group>"; };
		7D66F6DA2ECC3435032FFDFD /* Pods-From Yesterday Widget.debug.xcconfig */ = {isa = PBXFileReference; includeInIndex = 1; lastKnownFileType = text.xcconfig; name = "Pods-From Yesterday Widget.debug.xcconfig"; path = "Pods/Target Support Files/Pods-From Yesterday Widget/Pods-From Yesterday Widget.debug.xcconfig"; sourceTree = "<group>"; };
		EA603396C6345291D097B2E3 /* Pods_From_Yesterday.framework */ = {isa = PBXFileReference; explicitFileType = wrapper.framework; includeInIndex = 0; path = Pods_From_Yesterday.framework; sourceTree = BUILT_PRODUCTS_DIR; };
/* End PBXFileReference section */

/* Begin PBXFrameworksBuildPhase section */
		3E1488431FF4BBED00F2711E /* Frameworks */ = {
			isa = PBXFrameworksBuildPhase;
			buildActionMask = 2147483647;
			files = (
				661C9AA90BA79B6079F8E152 /* Pods_From_Yesterday.framework in Frameworks */,
				F34AD5995FD5D3A8E4FCE563 /* Pods_From_Yesterday.framework in Frameworks */,
			);
			runOnlyForDeploymentPostprocessing = 0;
		};
		3EDDB3BE1FFDBC0200E7E82D /* Frameworks */ = {
			isa = PBXFrameworksBuildPhase;
			buildActionMask = 2147483647;
			files = (
				3EDDB3D41FFDC00700E7E82D /* Pods_From_Yesterday.framework in Frameworks */,
				3EDDB3C31FFDBC0200E7E82D /* NotificationCenter.framework in Frameworks */,
				75649B05110C1845D05D7DD3 /* Pods_From_Yesterday_Widget.framework in Frameworks */,
			);
			runOnlyForDeploymentPostprocessing = 0;
		};
/* End PBXFrameworksBuildPhase section */

/* Begin PBXGroup section */
		205A24B04E747D94A47A08EE /* Pods */ = {
			isa = PBXGroup;
			children = (
				54CD356C7A199BF1AA380673 /* Pods-From Yesterday.debug.xcconfig */,
				391E66D820C240A8AC9D191D /* Pods-From Yesterday.release.xcconfig */,
				7D66F6DA2ECC3435032FFDFD /* Pods-From Yesterday Widget.debug.xcconfig */,
				7226B9B69AD5A25DC311063A /* Pods-From Yesterday Widget.release.xcconfig */,
			);
			name = Pods;
			sourceTree = "<group>";
		};
		3E14883D1FF4BBED00F2711E = {
			isa = PBXGroup;
			children = (
				3E1488481FF4BBED00F2711E /* From Yesterday */,
				3EDDB3C41FFDBC0200E7E82D /* From Yesterday Widget */,
				3E1488471FF4BBED00F2711E /* Products */,
				205A24B04E747D94A47A08EE /* Pods */,
				B0A69C665F02626D6CD5D648 /* Frameworks */,
			);
			sourceTree = "<group>";
		};
		3E1488471FF4BBED00F2711E /* Products */ = {
			isa = PBXGroup;
			children = (
				3E1488461FF4BBED00F2711E /* From Yesterday.app */,
				3EDDB3C11FFDBC0200E7E82D /* From Yesterday Widget.appex */,
			);
			name = Products;
			sourceTree = "<group>";
		};
		3E1488481FF4BBED00F2711E /* From Yesterday */ = {
			isa = PBXGroup;
			children = (
				3EDDB3D81FFDDB4600E7E82D /* From Yesterday.entitlements */,
				3ED06DC91FFA695900130379 /* Cells */,
				3E2D92D41FF6A0A300179E1D /* Extension */,
				3E2D92CB1FF694F900179E1D /* Resource */,
				3E4F0DB71FF536FA00C809A2 /* ViewControllers */,
				3E14885B1FF4DC6800F2711E /* Model */,
				3E1488491FF4BBED00F2711E /* AppDelegate.swift */,
				3E1488501FF4BBED00F2711E /* Assets.xcassets */,
				3E1488521FF4BBED00F2711E /* LaunchScreen.storyboard */,
				3E1488551FF4BBED00F2711E /* Info.plist */,
				3EF85FDA20259B3F009B68AE /* GoogleService-Info.plist */,
			);
			path = "From Yesterday";
			sourceTree = "<group>";
		};
		3E14885B1FF4DC6800F2711E /* Model */ = {
			isa = PBXGroup;
			children = (
				3E2D92CC1FF6950C00179E1D /* Location.swift */,
				3E2D92D01FF6973400179E1D /* ForecastWeather.swift */,
			);
			path = Model;
			sourceTree = "<group>";
		};
		3E2D92CB1FF694F900179E1D /* Resource */ = {
			isa = PBXGroup;
			children = (
				3E2D92D21FF6992600179E1D /* URL.swift */,
				3E2A79CD1FF9192A0058D8C7 /* Weather.swift */,
			);
			path = Resource;
			sourceTree = "<group>";
		};
		3E2D92D41FF6A0A300179E1D /* Extension */ = {
			isa = PBXGroup;
			children = (
				3E2D92D51FF6A0B200179E1D /* Rounding + Double.swift */,
				3E9010E51FF9F59E00FEEA4E /* Unicode + String.swift */,
				3E9010E71FF9F66C00FEEA4E /* Double + String.swift */,
				3ED06DCE1FFA698400130379 /* Identifier + NSObject.swift */,
				3E3569961FFCC19200208342 /* UIColor + TintColor.swift */,
			);
			path = Extension;
			sourceTree = "<group>";
		};
		3E4F0DB71FF536FA00C809A2 /* ViewControllers */ = {
			isa = PBXGroup;
			children = (
				3E14884B1FF4BBED00F2711E /* ViewController.swift */,
				3E4F0DB91FF5371600C809A2 /* ViewController.xib */,
			);
			path = ViewControllers;
			sourceTree = "<group>";
		};
		3ED06DC91FFA695900130379 /* Cells */ = {
			isa = PBXGroup;
			children = (
				3ED06DCA1FFA697100130379 /* weatherCell.swift */,
				3ED06DCB1FFA697100130379 /* weatherCell.xib */,
			);
			path = Cells;
			sourceTree = "<group>";
		};
		3EDDB3C41FFDBC0200E7E82D /* From Yesterday Widget */ = {
			isa = PBXGroup;
			children = (
				3EEB5F771FFE62B1003999C3 /* From Yesterday Widget.entitlements */,
				3EDDB3C51FFDBC0200E7E82D /* TodayViewController.swift */,
				3EDDB3C71FFDBC0200E7E82D /* MainInterface.storyboard */,
				3EDDB3CA1FFDBC0200E7E82D /* Info.plist */,
			);
			path = "From Yesterday Widget";
			sourceTree = "<group>";
		};
		B0A69C665F02626D6CD5D648 /* Frameworks */ = {
			isa = PBXGroup;
			children = (
				3EDDB3D71FFDDA7E00E7E82D /* Alamofire.framework */,
				3EDDB3D51FFDC00700E7E82D /* Pods_From_Yesterday.framework */,
				3EDDB3D31FFDBC5400E7E82D /* Alamofire.framework */,
				EA603396C6345291D097B2E3 /* Pods_From_Yesterday.framework */,
				3EDDB3C21FFDBC0200E7E82D /* NotificationCenter.framework */,
				45CE012A951B2AFB52058373 /* Pods_From_Yesterday_Widget.framework */,
			);
			name = Frameworks;
			sourceTree = "<group>";
		};
/* End PBXGroup section */

/* Begin PBXNativeTarget section */
		3E1488451FF4BBED00F2711E /* From Yesterday */ = {
			isa = PBXNativeTarget;
			buildConfigurationList = 3E1488581FF4BBED00F2711E /* Build configuration list for PBXNativeTarget "From Yesterday" */;
			buildPhases = (
				E59B5AEF0201C6CA5D60C9C3 /* [CP] Check Pods Manifest.lock */,
				3E1488421FF4BBED00F2711E /* Sources */,
				3E1488431FF4BBED00F2711E /* Frameworks */,
				3E1488441FF4BBED00F2711E /* Resources */,
				29BAE2D465871ED368672FCF /* [CP] Embed Pods Frameworks */,
				59040B5C99E9E0C089DBFB85 /* [CP] Copy Pods Resources */,
				3EDDB3D11FFDBC0200E7E82D /* Embed App Extensions */,
			);
			buildRules = (
			);
			dependencies = (
				3EDDB3CC1FFDBC0200E7E82D /* PBXTargetDependency */,
			);
			name = "From Yesterday";
			productName = "From Yesterday";
			productReference = 3E1488461FF4BBED00F2711E /* From Yesterday.app */;
			productType = "com.apple.product-type.application";
		};
		3EDDB3C01FFDBC0200E7E82D /* From Yesterday Widget */ = {
			isa = PBXNativeTarget;
			buildConfigurationList = 3EDDB3D01FFDBC0200E7E82D /* Build configuration list for PBXNativeTarget "From Yesterday Widget" */;
			buildPhases = (
				51C0683B03F264136453CC37 /* [CP] Check Pods Manifest.lock */,
				3EDDB3BD1FFDBC0200E7E82D /* Sources */,
				3EDDB3BE1FFDBC0200E7E82D /* Frameworks */,
				3EDDB3BF1FFDBC0200E7E82D /* Resources */,
				4BE97CB0B2AE59BC45119177 /* [CP] Copy Pods Resources */,
			);
			buildRules = (
			);
			dependencies = (
			);
			name = "From Yesterday Widget";
			productName = "From Yesterday Widget";
			productReference = 3EDDB3C11FFDBC0200E7E82D /* From Yesterday Widget.appex */;
			productType = "com.apple.product-type.app-extension";
		};
/* End PBXNativeTarget section */

/* Begin PBXProject section */
		3E14883E1FF4BBED00F2711E /* Project object */ = {
			isa = PBXProject;
			attributes = {
				LastSwiftUpdateCheck = 0920;
				LastUpgradeCheck = 0920;
				ORGANIZATIONNAME = "이동건";
				TargetAttributes = {
					3E1488451FF4BBED00F2711E = {
						CreatedOnToolsVersion = 9.2;
						ProvisioningStyle = Automatic;
						SystemCapabilities = {
							com.apple.ApplicationGroups.iOS = {
								enabled = 1;
							};
							com.apple.BackgroundModes = {
								enabled = 1;
							};
							com.apple.Push = {
								enabled = 1;
							};
						};
					};
					3EDDB3C01FFDBC0200E7E82D = {
						CreatedOnToolsVersion = 9.2;
						ProvisioningStyle = Automatic;
						SystemCapabilities = {
							com.apple.ApplicationGroups.iOS = {
								enabled = 1;
							};
						};
					};
				};
			};
			buildConfigurationList = 3E1488411FF4BBED00F2711E /* Build configuration list for PBXProject "From Yesterday" */;
			compatibilityVersion = "Xcode 8.0";
			developmentRegion = en;
			hasScannedForEncodings = 0;
			knownRegions = (
				en,
				Base,
			);
			mainGroup = 3E14883D1FF4BBED00F2711E;
			productRefGroup = 3E1488471FF4BBED00F2711E /* Products */;
			projectDirPath = "";
			projectRoot = "";
			targets = (
				3E1488451FF4BBED00F2711E /* From Yesterday */,
				3EDDB3C01FFDBC0200E7E82D /* From Yesterday Widget */,
			);
		};
/* End PBXProject section */

/* Begin PBXResourcesBuildPhase section */
		3E1488441FF4BBED00F2711E /* Resources */ = {
			isa = PBXResourcesBuildPhase;
			buildActionMask = 2147483647;
			files = (
				3ED06DCD1FFA697100130379 /* weatherCell.xib in Resources */,
				3E1488541FF4BBED00F2711E /* LaunchScreen.storyboard in Resources */,
				3EF85FDB20259B3F009B68AE /* GoogleService-Info.plist in Resources */,
				3E1488511FF4BBED00F2711E /* Assets.xcassets in Resources */,
				3E4F0DBA1FF5371600C809A2 /* ViewController.xib in Resources */,
			);
			runOnlyForDeploymentPostprocessing = 0;
		};
		3EDDB3BF1FFDBC0200E7E82D /* Resources */ = {
			isa = PBXResourcesBuildPhase;
			buildActionMask = 2147483647;
			files = (
				3EEB5F761FFE5F5B003999C3 /* Assets.xcassets in Resources */,
				3EDDB3C91FFDBC0200E7E82D /* MainInterface.storyboard in Resources */,
			);
			runOnlyForDeploymentPostprocessing = 0;
		};
/* End PBXResourcesBuildPhase section */

/* Begin PBXShellScriptBuildPhase section */
		29BAE2D465871ED368672FCF /* [CP] Embed Pods Frameworks */ = {
			isa = PBXShellScriptBuildPhase;
			buildActionMask = 2147483647;
			files = (
			);
			inputPaths = (
				"${SRCROOT}/Pods/Target Support Files/Pods-From Yesterday/Pods-From Yesterday-frameworks.sh",
				"${BUILT_PRODUCTS_DIR}/Alamofire/Alamofire.framework",
				"${BUILT_PRODUCTS_DIR}/GoogleToolboxForMac/GoogleToolboxForMac.framework",
				"${BUILT_PRODUCTS_DIR}/Protobuf/Protobuf.framework",
				"${BUILT_PRODUCTS_DIR}/SVProgressHUD/SVProgressHUD.framework",
				"${BUILT_PRODUCTS_DIR}/ScalingCarousel/ScalingCarousel.framework",
				"${BUILT_PRODUCTS_DIR}/nanopb/nanopb.framework",
			);
			name = "[CP] Embed Pods Frameworks";
			outputPaths = (
				"${TARGET_BUILD_DIR}/${FRAMEWORKS_FOLDER_PATH}/Alamofire.framework",
				"${TARGET_BUILD_DIR}/${FRAMEWORKS_FOLDER_PATH}/GoogleToolboxForMac.framework",
				"${TARGET_BUILD_DIR}/${FRAMEWORKS_FOLDER_PATH}/Protobuf.framework",
				"${TARGET_BUILD_DIR}/${FRAMEWORKS_FOLDER_PATH}/SVProgressHUD.framework",
				"${TARGET_BUILD_DIR}/${FRAMEWORKS_FOLDER_PATH}/ScalingCarousel.framework",
				"${TARGET_BUILD_DIR}/${FRAMEWORKS_FOLDER_PATH}/nanopb.framework",
			);
			runOnlyForDeploymentPostprocessing = 0;
			shellPath = /bin/sh;
			shellScript = "\"${SRCROOT}/Pods/Target Support Files/Pods-From Yesterday/Pods-From Yesterday-frameworks.sh\"\n";
			showEnvVarsInLog = 0;
		};
		4BE97CB0B2AE59BC45119177 /* [CP] Copy Pods Resources */ = {
			isa = PBXShellScriptBuildPhase;
			buildActionMask = 2147483647;
			files = (
			);
			inputPaths = (
			);
			name = "[CP] Copy Pods Resources";
			outputPaths = (
			);
			runOnlyForDeploymentPostprocessing = 0;
			shellPath = /bin/sh;
			shellScript = "\"${SRCROOT}/Pods/Target Support Files/Pods-From Yesterday Widget/Pods-From Yesterday Widget-resources.sh\"\n";
			showEnvVarsInLog = 0;
		};
		51C0683B03F264136453CC37 /* [CP] Check Pods Manifest.lock */ = {
			isa = PBXShellScriptBuildPhase;
			buildActionMask = 2147483647;
			files = (
			);
			inputPaths = (
				"${PODS_PODFILE_DIR_PATH}/Podfile.lock",
				"${PODS_ROOT}/Manifest.lock",
			);
			name = "[CP] Check Pods Manifest.lock";
			outputPaths = (
				"$(DERIVED_FILE_DIR)/Pods-From Yesterday Widget-checkManifestLockResult.txt",
			);
			runOnlyForDeploymentPostprocessing = 0;
			shellPath = /bin/sh;
			shellScript = "diff \"${PODS_PODFILE_DIR_PATH}/Podfile.lock\" \"${PODS_ROOT}/Manifest.lock\" > /dev/null\nif [ $? != 0 ] ; then\n    # print error to STDERR\n    echo \"error: The sandbox is not in sync with the Podfile.lock. Run 'pod install' or update your CocoaPods installation.\" >&2\n    exit 1\nfi\n# This output is used by Xcode 'outputs' to avoid re-running this script phase.\necho \"SUCCESS\" > \"${SCRIPT_OUTPUT_FILE_0}\"\n";
			showEnvVarsInLog = 0;
		};
		59040B5C99E9E0C089DBFB85 /* [CP] Copy Pods Resources */ = {
			isa = PBXShellScriptBuildPhase;
			buildActionMask = 2147483647;
			files = (
			);
			inputPaths = (
			);
			name = "[CP] Copy Pods Resources";
			outputPaths = (
			);
			runOnlyForDeploymentPostprocessing = 0;
			shellPath = /bin/sh;
			shellScript = "\"${SRCROOT}/Pods/Target Support Files/Pods-From Yesterday/Pods-From Yesterday-resources.sh\"\n";
			showEnvVarsInLog = 0;
		};
		E59B5AEF0201C6CA5D60C9C3 /* [CP] Check Pods Manifest.lock */ = {
			isa = PBXShellScriptBuildPhase;
			buildActionMask = 2147483647;
			files = (
			);
			inputPaths = (
				"${PODS_PODFILE_DIR_PATH}/Podfile.lock",
				"${PODS_ROOT}/Manifest.lock",
			);
			name = "[CP] Check Pods Manifest.lock";
			outputPaths = (
				"$(DERIVED_FILE_DIR)/Pods-From Yesterday-checkManifestLockResult.txt",
			);
			runOnlyForDeploymentPostprocessing = 0;
			shellPath = /bin/sh;
			shellScript = "diff \"${PODS_PODFILE_DIR_PATH}/Podfile.lock\" \"${PODS_ROOT}/Manifest.lock\" > /dev/null\nif [ $? != 0 ] ; then\n    # print error to STDERR\n    echo \"error: The sandbox is not in sync with the Podfile.lock. Run 'pod install' or update your CocoaPods installation.\" >&2\n    exit 1\nfi\n# This output is used by Xcode 'outputs' to avoid re-running this script phase.\necho \"SUCCESS\" > \"${SCRIPT_OUTPUT_FILE_0}\"\n";
			showEnvVarsInLog = 0;
		};
/* End PBXShellScriptBuildPhase section */

/* Begin PBXSourcesBuildPhase section */
		3E1488421FF4BBED00F2711E /* Sources */ = {
			isa = PBXSourcesBuildPhase;
			buildActionMask = 2147483647;
			files = (
				3ED06DCC1FFA697100130379 /* weatherCell.swift in Sources */,
				3E2D92D61FF6A0B200179E1D /* Rounding + Double.swift in Sources */,
				3E2D92D11FF6973400179E1D /* ForecastWeather.swift in Sources */,
				3E14884C1FF4BBED00F2711E /* ViewController.swift in Sources */,
				3E9010E81FF9F66C00FEEA4E /* Double + String.swift in Sources */,
				3E2D92CD1FF6950C00179E1D /* Location.swift in Sources */,
				3ED06DCF1FFA698400130379 /* Identifier + NSObject.swift in Sources */,
				3E9010E61FF9F59E00FEEA4E /* Unicode + String.swift in Sources */,
				3E3569971FFCC19200208342 /* UIColor + TintColor.swift in Sources */,
				3E2A79CE1FF9192A0058D8C7 /* Weather.swift in Sources */,
				3E14884A1FF4BBED00F2711E /* AppDelegate.swift in Sources */,
				3E2D92D31FF6992600179E1D /* URL.swift in Sources */,
			);
			runOnlyForDeploymentPostprocessing = 0;
		};
		3EDDB3BD1FFDBC0200E7E82D /* Sources */ = {
			isa = PBXSourcesBuildPhase;
			buildActionMask = 2147483647;
			files = (
				3EEB5F741FFE5BE7003999C3 /* Unicode + String.swift in Sources */,
				3EEB5F751FFE5BE7003999C3 /* Double + String.swift in Sources */,
				3EEB5F731FFE540A003999C3 /* Location.swift in Sources */,
				3EEB5F721FFE5401003999C3 /* Weather.swift in Sources */,
				3EEB5F711FFE53F8003999C3 /* URL.swift in Sources */,
				3EDDB3C61FFDBC0200E7E82D /* TodayViewController.swift in Sources */,
			);
			runOnlyForDeploymentPostprocessing = 0;
		};
/* End PBXSourcesBuildPhase section */

/* Begin PBXTargetDependency section */
		3EDDB3CC1FFDBC0200E7E82D /* PBXTargetDependency */ = {
			isa = PBXTargetDependency;
			target = 3EDDB3C01FFDBC0200E7E82D /* From Yesterday Widget */;
			targetProxy = 3EDDB3CB1FFDBC0200E7E82D /* PBXContainerItemProxy */;
		};
/* End PBXTargetDependency section */

/* Begin PBXVariantGroup section */
		3E1488521FF4BBED00F2711E /* LaunchScreen.storyboard */ = {
			isa = PBXVariantGroup;
			children = (
				3E1488531FF4BBED00F2711E /* Base */,
			);
			name = LaunchScreen.storyboard;
			sourceTree = "<group>";
		};
		3EDDB3C71FFDBC0200E7E82D /* MainInterface.storyboard */ = {
			isa = PBXVariantGroup;
			children = (
				3EDDB3C81FFDBC0200E7E82D /* Base */,
			);
			name = MainInterface.storyboard;
			sourceTree = "<group>";
		};
/* End PBXVariantGroup section */

/* Begin XCBuildConfiguration section */
		3E1488561FF4BBED00F2711E /* Debug */ = {
			isa = XCBuildConfiguration;
			buildSettings = {
				ALWAYS_SEARCH_USER_PATHS = NO;
				CLANG_ANALYZER_NONNULL = YES;
				CLANG_ANALYZER_NUMBER_OBJECT_CONVERSION = YES_AGGRESSIVE;
				CLANG_CXX_LANGUAGE_STANDARD = "gnu++14";
				CLANG_CXX_LIBRARY = "libc++";
				CLANG_ENABLE_MODULES = YES;
				CLANG_ENABLE_OBJC_ARC = YES;
				CLANG_WARN_BLOCK_CAPTURE_AUTORELEASING = YES;
				CLANG_WARN_BOOL_CONVERSION = YES;
				CLANG_WARN_COMMA = YES;
				CLANG_WARN_CONSTANT_CONVERSION = YES;
				CLANG_WARN_DIRECT_OBJC_ISA_USAGE = YES_ERROR;
				CLANG_WARN_DOCUMENTATION_COMMENTS = YES;
				CLANG_WARN_EMPTY_BODY = YES;
				CLANG_WARN_ENUM_CONVERSION = YES;
				CLANG_WARN_INFINITE_RECURSION = YES;
				CLANG_WARN_INT_CONVERSION = YES;
				CLANG_WARN_NON_LITERAL_NULL_CONVERSION = YES;
				CLANG_WARN_OBJC_LITERAL_CONVERSION = YES;
				CLANG_WARN_OBJC_ROOT_CLASS = YES_ERROR;
				CLANG_WARN_RANGE_LOOP_ANALYSIS = YES;
				CLANG_WARN_STRICT_PROTOTYPES = YES;
				CLANG_WARN_SUSPICIOUS_MOVE = YES;
				CLANG_WARN_UNGUARDED_AVAILABILITY = YES_AGGRESSIVE;
				CLANG_WARN_UNREACHABLE_CODE = YES;
				CLANG_WARN__DUPLICATE_METHOD_MATCH = YES;
				CODE_SIGN_IDENTITY = "iPhone Developer";
				COPY_PHASE_STRIP = NO;
				DEBUG_INFORMATION_FORMAT = dwarf;
				ENABLE_STRICT_OBJC_MSGSEND = YES;
				ENABLE_TESTABILITY = YES;
				GCC_C_LANGUAGE_STANDARD = gnu11;
				GCC_DYNAMIC_NO_PIC = NO;
				GCC_NO_COMMON_BLOCKS = YES;
				GCC_OPTIMIZATION_LEVEL = 0;
				GCC_PREPROCESSOR_DEFINITIONS = (
					"DEBUG=1",
					"$(inherited)",
				);
				GCC_WARN_64_TO_32_BIT_CONVERSION = YES;
				GCC_WARN_ABOUT_RETURN_TYPE = YES_ERROR;
				GCC_WARN_UNDECLARED_SELECTOR = YES;
				GCC_WARN_UNINITIALIZED_AUTOS = YES_AGGRESSIVE;
				GCC_WARN_UNUSED_FUNCTION = YES;
				GCC_WARN_UNUSED_VARIABLE = YES;
				IPHONEOS_DEPLOYMENT_TARGET = 11.2;
				MTL_ENABLE_DEBUG_INFO = YES;
				ONLY_ACTIVE_ARCH = YES;
				SDKROOT = iphoneos;
				SWIFT_ACTIVE_COMPILATION_CONDITIONS = DEBUG;
				SWIFT_OPTIMIZATION_LEVEL = "-Onone";
			};
			name = Debug;
		};
		3E1488571FF4BBED00F2711E /* Release */ = {
			isa = XCBuildConfiguration;
			buildSettings = {
				ALWAYS_SEARCH_USER_PATHS = NO;
				CLANG_ANALYZER_NONNULL = YES;
				CLANG_ANALYZER_NUMBER_OBJECT_CONVERSION = YES_AGGRESSIVE;
				CLANG_CXX_LANGUAGE_STANDARD = "gnu++14";
				CLANG_CXX_LIBRARY = "libc++";
				CLANG_ENABLE_MODULES = YES;
				CLANG_ENABLE_OBJC_ARC = YES;
				CLANG_WARN_BLOCK_CAPTURE_AUTORELEASING = YES;
				CLANG_WARN_BOOL_CONVERSION = YES;
				CLANG_WARN_COMMA = YES;
				CLANG_WARN_CONSTANT_CONVERSION = YES;
				CLANG_WARN_DIRECT_OBJC_ISA_USAGE = YES_ERROR;
				CLANG_WARN_DOCUMENTATION_COMMENTS = YES;
				CLANG_WARN_EMPTY_BODY = YES;
				CLANG_WARN_ENUM_CONVERSION = YES;
				CLANG_WARN_INFINITE_RECURSION = YES;
				CLANG_WARN_INT_CONVERSION = YES;
				CLANG_WARN_NON_LITERAL_NULL_CONVERSION = YES;
				CLANG_WARN_OBJC_LITERAL_CONVERSION = YES;
				CLANG_WARN_OBJC_ROOT_CLASS = YES_ERROR;
				CLANG_WARN_RANGE_LOOP_ANALYSIS = YES;
				CLANG_WARN_STRICT_PROTOTYPES = YES;
				CLANG_WARN_SUSPICIOUS_MOVE = YES;
				CLANG_WARN_UNGUARDED_AVAILABILITY = YES_AGGRESSIVE;
				CLANG_WARN_UNREACHABLE_CODE = YES;
				CLANG_WARN__DUPLICATE_METHOD_MATCH = YES;
				CODE_SIGN_IDENTITY = "iPhone Developer";
				COPY_PHASE_STRIP = NO;
				DEBUG_INFORMATION_FORMAT = "dwarf-with-dsym";
				ENABLE_NS_ASSERTIONS = NO;
				ENABLE_STRICT_OBJC_MSGSEND = YES;
				GCC_C_LANGUAGE_STANDARD = gnu11;
				GCC_NO_COMMON_BLOCKS = YES;
				GCC_WARN_64_TO_32_BIT_CONVERSION = YES;
				GCC_WARN_ABOUT_RETURN_TYPE = YES_ERROR;
				GCC_WARN_UNDECLARED_SELECTOR = YES;
				GCC_WARN_UNINITIALIZED_AUTOS = YES_AGGRESSIVE;
				GCC_WARN_UNUSED_FUNCTION = YES;
				GCC_WARN_UNUSED_VARIABLE = YES;
				IPHONEOS_DEPLOYMENT_TARGET = 11.2;
				MTL_ENABLE_DEBUG_INFO = NO;
				SDKROOT = iphoneos;
				SWIFT_OPTIMIZATION_LEVEL = "-Owholemodule";
				VALIDATE_PRODUCT = YES;
			};
			name = Release;
		};
		3E1488591FF4BBED00F2711E /* Debug */ = {
			isa = XCBuildConfiguration;
			baseConfigurationReference = 54CD356C7A199BF1AA380673 /* Pods-From Yesterday.debug.xcconfig */;
			buildSettings = {
				ALWAYS_EMBED_SWIFT_STANDARD_LIBRARIES = "$(inherited)";
				ASSETCATALOG_COMPILER_APPICON_NAME = AppIcon;
				CODE_SIGN_ENTITLEMENTS = "From Yesterday/From Yesterday.entitlements";
				CODE_SIGN_STYLE = Automatic;
				"DEBUG_INFORMATION_FORMAT[sdk=*]" = dwarf;
				DEVELOPMENT_TEAM = 452DHHAC9T;
				INFOPLIST_FILE = "From Yesterday/Info.plist";
				IPHONEOS_DEPLOYMENT_TARGET = 10.0;
				LD_RUNPATH_SEARCH_PATHS = "$(inherited) @executable_path/Frameworks";
				PRODUCT_BUNDLE_IDENTIFIER = "com.From-Yesterday";
				PRODUCT_NAME = "$(TARGET_NAME)";
				SWIFT_VERSION = 4.0;
				TARGETED_DEVICE_FAMILY = 1;
			};
			name = Debug;
		};
		3E14885A1FF4BBED00F2711E /* Release */ = {
			isa = XCBuildConfiguration;
			baseConfigurationReference = 391E66D820C240A8AC9D191D /* Pods-From Yesterday.release.xcconfig */;
			buildSettings = {
				ALWAYS_EMBED_SWIFT_STANDARD_LIBRARIES = "$(inherited)";
				ASSETCATALOG_COMPILER_APPICON_NAME = AppIcon;
				CODE_SIGN_ENTITLEMENTS = "From Yesterday/From Yesterday.entitlements";
				CODE_SIGN_STYLE = Automatic;
				DEVELOPMENT_TEAM = 452DHHAC9T;
				INFOPLIST_FILE = "From Yesterday/Info.plist";
				IPHONEOS_DEPLOYMENT_TARGET = 10.0;
				LD_RUNPATH_SEARCH_PATHS = "$(inherited) @executable_path/Frameworks";
				PRODUCT_BUNDLE_IDENTIFIER = "com.From-Yesterday";
				PRODUCT_NAME = "$(TARGET_NAME)";
				SWIFT_VERSION = 4.0;
				TARGETED_DEVICE_FAMILY = 1;
			};
			name = Release;
		};
		3EDDB3CE1FFDBC0200E7E82D /* Debug */ = {
			isa = XCBuildConfiguration;
			baseConfigurationReference = 7D66F6DA2ECC3435032FFDFD /* Pods-From Yesterday Widget.debug.xcconfig */;
			buildSettings = {
				ALWAYS_EMBED_SWIFT_STANDARD_LIBRARIES = NO;
				CODE_SIGN_ENTITLEMENTS = "From Yesterday Widget/From Yesterday Widget.entitlements";
				CODE_SIGN_STYLE = Automatic;
				DEVELOPMENT_TEAM = 452DHHAC9T;
				INFOPLIST_FILE = "From Yesterday Widget/Info.plist";
				IPHONEOS_DEPLOYMENT_TARGET = 10.0;
				LD_RUNPATH_SEARCH_PATHS = "$(inherited) @executable_path/Frameworks @executable_path/../../Frameworks";
				PRODUCT_BUNDLE_IDENTIFIER = "com.From-Yesterday.From-Yesterday-Widget";
				PRODUCT_NAME = "$(TARGET_NAME)";
				SKIP_INSTALL = YES;
				SWIFT_VERSION = 4.0;
				TARGETED_DEVICE_FAMILY = "1,2";
			};
			name = Debug;
		};
		3EDDB3CF1FFDBC0200E7E82D /* Release */ = {
			isa = XCBuildConfiguration;
			baseConfigurationReference = 7226B9B69AD5A25DC311063A /* Pods-From Yesterday Widget.release.xcconfig */;
			buildSettings = {
				ALWAYS_EMBED_SWIFT_STANDARD_LIBRARIES = NO;
				CODE_SIGN_ENTITLEMENTS = "From Yesterday Widget/From Yesterday Widget.entitlements";
				CODE_SIGN_STYLE = Automatic;
				DEVELOPMENT_TEAM = 452DHHAC9T;
				INFOPLIST_FILE = "From Yesterday Widget/Info.plist";
				IPHONEOS_DEPLOYMENT_TARGET = 10.0;
				LD_RUNPATH_SEARCH_PATHS = "$(inherited) @executable_path/Frameworks @executable_path/../../Frameworks";
				PRODUCT_BUNDLE_IDENTIFIER = "com.From-Yesterday.From-Yesterday-Widget";
				PRODUCT_NAME = "$(TARGET_NAME)";
				SKIP_INSTALL = YES;
				SWIFT_VERSION = 4.0;
				TARGETED_DEVICE_FAMILY = "1,2";
			};
			name = Release;
		};
/* End XCBuildConfiguration section */

/* Begin XCConfigurationList section */
		3E1488411FF4BBED00F2711E /* Build configuration list for PBXProject "From Yesterday" */ = {
			isa = XCConfigurationList;
			buildConfigurations = (
				3E1488561FF4BBED00F2711E /* Debug */,
				3E1488571FF4BBED00F2711E /* Release */,
			);
			defaultConfigurationIsVisible = 0;
			defaultConfigurationName = Release;
		};
		3E1488581FF4BBED00F2711E /* Build configuration list for PBXNativeTarget "From Yesterday" */ = {
			isa = XCConfigurationList;
			buildConfigurations = (
				3E1488591FF4BBED00F2711E /* Debug */,
				3E14885A1FF4BBED00F2711E /* Release */,
			);
			defaultConfigurationIsVisible = 0;
			defaultConfigurationName = Release;
		};
		3EDDB3D01FFDBC0200E7E82D /* Build configuration list for PBXNativeTarget "From Yesterday Widget" */ = {
			isa = XCConfigurationList;
			buildConfigurations = (
				3EDDB3CE1FFDBC0200E7E82D /* Debug */,
				3EDDB3CF1FFDBC0200E7E82D /* Release */,
			);
			defaultConfigurationIsVisible = 0;
			defaultConfigurationName = Release;
		};
/* End XCConfigurationList section */
	};
	rootObject = 3E14883E1FF4BBED00F2711E /* Project object */;
}
